{
  "name": "csstype-fixtures",
  "lockfileVersion": 2,
  "requires": true,
  "packages": {
    "": {
      "name": "csstype-fixtures",
      "dependencies": {
        "csstype": "file:../..",
        "oldcsstype": "npm:csstype@^2.6.18"
      }
    },
    "../..": {
      "version": "3.0.10",
      "license": "MIT",
      "devDependencies": {
        "@types/chokidar": "^2.1.3",
        "@types/css-tree": "^1.0.7",
        "@types/jest": "^27.0.2",
        "@types/jsdom": "^16.2.13",
        "@types/node": "^16.11.7",
        "@types/prettier": "^2.4.2",
        "@types/request": "^2.48.7",
        "@types/turndown": "^5.0.1",
        "@typescript-eslint/eslint-plugin": "^5.4.0",
        "@typescript-eslint/parser": "^5.4.0",
        "chalk": "^4.1.2",
        "chokidar": "^3.5.2",
        "css-tree": "^1.1.3",
        "eslint": "^8.2.0",
        "eslint-config-prettier": "^8.3.0",
        "eslint-plugin-prettier": "^4.0.0",
        "fast-glob": "^3.2.7",
        "flow-bin": "^0.164.0",
        "jest": "^27.3.1",
        "jsdom": "^18.1.0",
        "mdn-browser-compat-data": "git+https://github.com/mdn/browser-compat-data.git#a9a17ff717b73cb9bb7072357a080509b73e22bb",
        "mdn-data": "git+https://github.com/mdn/data.git#ff55c39c1da3f1519e3a8f890a7cf6e6339a4b87",
        "prettier": "^2.4.1",
        "request": "^2.88.2",
        "ts-jest": "^27.0.7",
        "ts-node": "^10.4.0",
        "turndown": "^7.1.1",
        "typescript": "~4.4.4"
      }
    },
    "node_modules/csstype": {
      "resolved": "../..",
      "link": true
    },
    "node_modules/oldcsstype": {
      "name": "csstype",
      "version": "2.6.18",
      "resolved": "https://registry.npmjs.org/csstype/-/csstype-2.6.18.tgz",
      "integrity": "sha512-RSU6Hyeg14am3Ah4VZEmeX8H7kLwEEirXe6aU2IPfKNvhXwTflK5HQRDNI0ypQXoqmm+QPyG2IaPuQE5zMwSIQ=="
    }
  },
  "dependencies": {
    "csstype": {
      "version": "file:../..",
      "requires": {
        "@types/chokidar": "^2.1.3",
        "@types/css-tree": "^1.0.7",
        "@types/jest": "^27.0.2",
        "@types/jsdom": "^16.2.13",
        "@types/node": "^16.11.7",
        "@types/prettier": "^2.4.2",
        "@types/request": "^2.48.7",
        "@types/turndown": "^5.0.1",
        "@typescript-eslint/eslint-plugin": "^5.4.0",
        "@typescript-eslint/parser": "^5.4.0",
        "chalk": "^4.1.2",
        "chokidar": "^3.5.2",
        "css-tree": "^1.1.3",
        "eslint": "^8.2.0",
        "eslint-config-prettier": "^8.3.0",
        "eslint-plugin-prettier": "^4.0.0",
        "fast-glob": "^3.2.7",
        "flow-bin": "^0.164.0",
        "jest": "^27.3.1",
        "jsdom": "^18.1.0",
        "mdn-browser-compat-data": "git+https://github.com/mdn/browser-compat-data.git#a9a17ff717b73cb9bb7072357a080509b73e22bb",
        "mdn-data": "git+https://github.com/mdn/data.git#ff55c39c1da3f1519e3a8f890a7cf6e6339a4b87",
        "prettier": "^2.4.1",
        "request": "^2.88.2",
        "ts-jest": "^27.0.7",
        "ts-node": "^10.4.0",
        "turndown": "^7.1.1",
        "typescript": "~4.4.4"
      }
    },
    "oldcsstype": {
      "version": "npm:csstype@2.6.18",
      "resolved": "https://registry.npmjs.org/csstype/-/csstype-2.6.18.tgz",
      "integrity": "sha512-RSU6Hyeg14am3Ah4VZEmeX8H7kLwEEirXe6aU2IPfKNvhXwTflK5HQRDNI0ypQXoqmm+QPyG2IaPuQE5zMwSIQ=="
    }
  }
}
