# THIS IS AN AUTOGENERATED FILE. DO NOT EDIT THIS FILE DIRECTLY.
# yarn lockfile v1


csstype@^2.6.15:
  version "2.6.15"
  resolved "https://registry.yarnpkg.com/csstype/-/csstype-2.6.15.tgz#655901663db1d652f10cb57ac6af5a05972aea1f"
  integrity sha512-FNeiVKudquehtR3t9TRRnsHL+lJhuHF5Zn9dt01jpojlurLEPDhhEtUkWmAUJ7/fOLaLG4dCDEnUsR0N1rZSsg==
