# THIS IS AN AUTOGENERATED FILE. DO NOT EDIT THIS FILE DIRECTLY.
# yarn lockfile v1


"typescript3.5@npm:typescript@3.5.3":
  version "3.5.3"
  resolved "https://registry.yarnpkg.com/typescript/-/typescript-3.5.3.tgz#c830f657f93f1ea846819e929092f5fe5983e977"
  integrity sha512-ACzBtm/PhXBDId6a6sDJfroT2pOWt/oOnk4/dElG5G33ZL776N3Y6/6bKZJBFpd+b05F3Ct9qDjMeJmRWtE2/g==

"typescript3.6@npm:typescript@3.6.5":
  version "3.6.5"
  resolved "https://registry.yarnpkg.com/typescript/-/typescript-3.6.5.tgz#dae20114a7b4ff4bd642db9c8c699f2953e8bbdb"
  integrity sha512-BEjlc0Z06ORZKbtcxGrIvvwYs5hAnuo6TKdNFL55frVDlB+na3z5bsLhFaIxmT+dPWgBIjMo6aNnTOgHHmHgiQ==

"typescript3.7@npm:typescript@3.7.5":
  version "3.7.5"
  resolved "https://registry.yarnpkg.com/typescript/-/typescript-3.7.5.tgz#0692e21f65fd4108b9330238aac11dd2e177a1ae"
  integrity sha512-/P5lkRXkWHNAbcJIiHPfRoKqyd7bsyCma1hZNUGfn20qm64T6ZBlrzprymeu918H+mB/0rIg2gGK/BXkhhYgBw==

"typescript3.8@npm:typescript@3.8.3":
  version "3.8.3"
  resolved "https://registry.yarnpkg.com/typescript/-/typescript-3.8.3.tgz#409eb8544ea0335711205869ec458ab109ee1061"
  integrity sha512-MYlEfn5VrLNsgudQTVJeNaQFUAI7DkhnOjdpAp4T+ku1TfQClewlbSuTVHiA+8skNBgaf02TL/kLOvig4y3G8w==

"typescript3.9@npm:typescript@3.9.7":
  version "3.9.7"
  resolved "https://registry.yarnpkg.com/typescript/-/typescript-3.9.7.tgz#98d600a5ebdc38f40cb277522f12dc800e9e25fa"
  integrity sha512-BLbiRkiBzAwsjut4x/dsibSTB6yWpwT5qWmC2OfuCg3GgVQCSgMs4vEctYPhsaGtd0AeuuHMkjZ2h2WG8MSzRw==

"typescript4.1@npm:typescript@4.1.0-beta":
  version "4.1.0-beta"
  resolved "https://registry.yarnpkg.com/typescript/-/typescript-4.1.0-beta.tgz#e4d054035d253b7a37bdc077dd71706508573e69"
  integrity sha512-b/LAttdVl3G6FEmnMkDsK0xvfvaftXpSKrjXn+OVCRqrwz5WD/6QJOiN+dTorqDY+hkaH+r2gP5wI1jBDmdQ7A==
